
Microsoft Visual Studio Solution File, Format Version 12.00
# Visual Studio 2012
Project("{FAE04EC0-301F-11D3-BF4B-00C04F79EFBC}") = "Family Tree", "Family Tree\Family Tree.csproj", "{B2FF81A7-225D-45ED-917A-227D3178738E}"
EndProject
Project("{2150E333-8FDC-42A3-9474-1A3956D46DE8}") = "Forms", "Forms", "{72C456B6-9C5F-470D-89B4-3223DCBB3EA1}"
	ProjectSection(SolutionItems) = preProject
		Family Tree\AddPerson.cs = Family Tree\AddPerson.cs
		Family Tree\AddPerson.Designer.cs = Family Tree\AddPerson.Designer.cs
		Family Tree\AddPerson.resx = Family Tree\AddPerson.resx
		Family Tree\MainPage.cs = Family Tree\MainPage.cs
		Family Tree\MainPage.Designer.cs = Family Tree\MainPage.Designer.cs
		Family Tree\MainPage.resx = Family Tree\MainPage.resx
		Family Tree\SearchPerson.cs = Family Tree\SearchPerson.cs
		Family Tree\SearchPerson.Designer.cs = Family Tree\SearchPerson.Designer.cs
		Family Tree\SearchPerson.resx = Family Tree\SearchPerson.resx
	EndProjectSection
EndProject
Project("{2150E333-8FDC-42A3-9474-1A3956D46DE8}") = "Data", "Data", "{7A067D99-F2EA-461F-B1D1-ECFFE8843758}"
	ProjectSection(SolutionItems) = preProject
		Family Tree\DataBase.cs = Family Tree\DataBase.cs
		Family Tree\Person.cs = Family Tree\Person.cs
	EndProjectSection
EndProject
Global
	GlobalSection(SolutionConfigurationPlatforms) = preSolution
		Debug|Any CPU = Debug|Any CPU
		Release|Any CPU = Release|Any CPU
	EndGlobalSection
	GlobalSection(ProjectConfigurationPlatforms) = postSolution
		{B2FF81A7-225D-45ED-917A-227D3178738E}.Debug|Any CPU.ActiveCfg = Debug|Any CPU
		{B2FF81A7-225D-45ED-917A-227D3178738E}.Debug|Any CPU.Build.0 = Debug|Any CPU
		{B2FF81A7-225D-45ED-917A-227D3178738E}.Release|Any CPU.ActiveCfg = Release|Any CPU
		{B2FF81A7-225D-45ED-917A-227D3178738E}.Release|Any CPU.Build.0 = Release|Any CPU
	EndGlobalSection
	GlobalSection(SolutionProperties) = preSolution
		HideSolutionNode = FALSE
	EndGlobalSection
EndGlobal
