
Microsoft Visual Studio Solution File, Format Version 12.00
# Visual Studio 2012
Project("{FAE04EC0-301F-11D3-BF4B-00C04F79EFBC}") = "Family Tree", "Family Tree\Family Tree.csproj", "{B2FF81A7-225D-45ED-917A-227D3178738E}"
EndProject
Global
	GlobalSection(SolutionConfigurationPlatforms) = preSolution
		Debug|Any CPU = Debug|Any CPU
		Release|Any CPU = Release|Any CPU
	EndGlobalSection
	GlobalSection(ProjectConfigurationPlatforms) = postSolution
		{B2FF81A7-225D-45ED-917A-227D3178738E}.Debug|Any CPU.ActiveCfg = Debug|Any CPU
		{B2FF81A7-225D-45ED-917A-227D3178738E}.Debug|Any CPU.Build.0 = Debug|Any CPU
		{B2FF81A7-225D-45ED-917A-227D3178738E}.Release|Any CPU.ActiveCfg = Release|Any CPU
		{B2FF81A7-225D-45ED-917A-227D3178738E}.Release|Any CPU.Build.0 = Release|Any CPU
	EndGlobalSection
	GlobalSection(SolutionProperties) = preSolution
		HideSolutionNode = FALSE
	EndGlobalSection
EndGlobal
